// !$*UTF8*$!
{
	archiveVersion = 1;
	classes = {
	};
	objectVersion = 48;
	objects = {

/* Begin PBXBuildFile section */
		C5FB34431FBF6928009295F4 /* AppDelegate.swift in Sources */ = {isa = PBXBuildFile; fileRef = C5FB34421FBF6928009295F4 /* AppDelegate.swift */; };
		C5FB34451FBF6928009295F4 /* LoginViewController.swift in Sources */ = {isa = PBXBuildFile; fileRef = C5FB34441FBF6928009295F4 /* LoginViewController.swift */; };
		C5FB34481FBF6928009295F4 /* LoginViewController.storyboard in Resources */ = {isa = PBXBuildFile; fileRef = C5FB34461FBF6928009295F4 /* LoginViewController.storyboard */; };
		C5FB344A1FBF6928009295F4 /* Assets.xcassets in Resources */ = {isa = PBXBuildFile; fileRef = C5FB34491FBF6928009295F4 /* Assets.xcassets */; };
		C5FB344D1FBF6928009295F4 /* LaunchScreen.storyboard in Resources */ = {isa = PBXBuildFile; fileRef = C5FB344B1FBF6928009295F4 /* LaunchScreen.storyboard */; };
		C5FB345D1FBF79AD009295F4 /* FBSDKLoginKit.framework in Frameworks */ = {isa = PBXBuildFile; fileRef = C5FB34551FBF79AD009295F4 /* FBSDKLoginKit.framework */; };
		C5FB345E1FBF79AD009295F4 /* FacebookCore.framework in Frameworks */ = {isa = PBXBuildFile; fileRef = C5FB34561FBF79AD009295F4 /* FacebookCore.framework */; };
		C5FB345F1FBF79AD009295F4 /* FacebookShare.framework in Frameworks */ = {isa = PBXBuildFile; fileRef = C5FB34571FBF79AD009295F4 /* FacebookShare.framework */; };
		C5FB34601FBF79AD009295F4 /* FBSDKCoreKit.framework in Frameworks */ = {isa = PBXBuildFile; fileRef = C5FB34581FBF79AD009295F4 /* FBSDKCoreKit.framework */; };
		C5FB34611FBF79AD009295F4 /* FBSDKPlacesKit.framework in Frameworks */ = {isa = PBXBuildFile; fileRef = C5FB34591FBF79AD009295F4 /* FBSDKPlacesKit.framework */; };
		C5FB34621FBF79AD009295F4 /* Bolts.framework in Frameworks */ = {isa = PBXBuildFile; fileRef = C5FB345A1FBF79AD009295F4 /* Bolts.framework */; };
		C5FB34631FBF79AD009295F4 /* FacebookLogin.framework in Frameworks */ = {isa = PBXBuildFile; fileRef = C5FB345B1FBF79AD009295F4 /* FacebookLogin.framework */; };
		C5FB34641FBF79AD009295F4 /* FBSDKShareKit.framework in Frameworks */ = {isa = PBXBuildFile; fileRef = C5FB345C1FBF79AD009295F4 /* FBSDKShareKit.framework */; };
/* End PBXBuildFile section */

/* Begin PBXFileReference section */
		C5FB343F1FBF6928009295F4 /* Stalky.app */ = {isa = PBXFileReference; explicitFileType = wrapper.application; includeInIndex = 0; path = Stalky.app; sourceTree = BUILT_PRODUCTS_DIR; };
		C5FB34421FBF6928009295F4 /* AppDelegate.swift */ = {isa = PBXFileReference; lastKnownFileType = sourcecode.swift; path = AppDelegate.swift; sourceTree = "<group>"; };
		C5FB34441FBF6928009295F4 /* LoginViewController.swift */ = {isa = PBXFileReference; lastKnownFileType = sourcecode.swift; path = LoginViewController.swift; sourceTree = "<group>"; };
		C5FB34471FBF6928009295F4 /* Base */ = {isa = PBXFileReference; lastKnownFileType = file.storyboard; name = Base; path = Base.lproj/LoginViewController.storyboard; sourceTree = "<group>"; };
		C5FB34491FBF6928009295F4 /* Assets.xcassets */ = {isa = PBXFileReference; lastKnownFileType = folder.assetcatalog; path = Assets.xcassets; sourceTree = "<group>"; };
		C5FB344C1FBF6928009295F4 /* Base */ = {isa = PBXFileReference; lastKnownFileType = file.storyboard; name = Base; path = Base.lproj/LaunchScreen.storyboard; sourceTree = "<group>"; };
		C5FB344E1FBF6928009295F4 /* Info.plist */ = {isa = PBXFileReference; lastKnownFileType = text.plist.xml; path = Info.plist; sourceTree = "<group>"; };
		C5FB34551FBF79AD009295F4 /* FBSDKLoginKit.framework */ = {isa = PBXFileReference; lastKnownFileType = wrapper.framework; name = FBSDKLoginKit.framework; path = Carthage/Build/iOS/FBSDKLoginKit.framework; sourceTree = "<group>"; };
		C5FB34561FBF79AD009295F4 /* FacebookCore.framework */ = {isa = PBXFileReference; lastKnownFileType = wrapper.framework; name = FacebookCore.framework; path = Carthage/Build/iOS/FacebookCore.framework; sourceTree = "<group>"; };
		C5FB34571FBF79AD009295F4 /* FacebookShare.framework */ = {isa = PBXFileReference; lastKnownFileType = wrapper.framework; name = FacebookShare.framework; path = Carthage/Build/iOS/FacebookShare.framework; sourceTree = "<group>"; };
		C5FB34581FBF79AD009295F4 /* FBSDKCoreKit.framework */ = {isa = PBXFileReference; lastKnownFileType = wrapper.framework; name = FBSDKCoreKit.framework; path = Carthage/Build/iOS/FBSDKCoreKit.framework; sourceTree = "<group>"; };
		C5FB34591FBF79AD009295F4 /* FBSDKPlacesKit.framework */ = {isa = PBXFileReference; lastKnownFileType = wrapper.framework; name = FBSDKPlacesKit.framework; path = Carthage/Build/iOS/FBSDKPlacesKit.framework; sourceTree = "<group>"; };
		C5FB345A1FBF79AD009295F4 /* Bolts.framework */ = {isa = PBXFileReference; lastKnownFileType = wrapper.framework; name = Bolts.framework; path = Carthage/Build/iOS/Bolts.framework; sourceTree = "<group>"; };
		C5FB345B1FBF79AD009295F4 /* FacebookLogin.framework */ = {isa = PBXFileReference; lastKnownFileType = wrapper.framework; name = FacebookLogin.framework; path = Carthage/Build/iOS/FacebookLogin.framework; sourceTree = "<group>"; };
		C5FB345C1FBF79AD009295F4 /* FBSDKShareKit.framework */ = {isa = PBXFileReference; lastKnownFileType = wrapper.framework; name = FBSDKShareKit.framework; path = Carthage/Build/iOS/FBSDKShareKit.framework; sourceTree = "<group>"; };
/* End PBXFileReference section */

/* Begin PBXFrameworksBuildPhase section */
		C5FB343C1FBF6928009295F4 /* Frameworks */ = {
			isa = PBXFrameworksBuildPhase;
			buildActionMask = 2147483647;
			files = (
				C5FB345D1FBF79AD009295F4 /* FBSDKLoginKit.framework in Frameworks */,
				C5FB345E1FBF79AD009295F4 /* FacebookCore.framework in Frameworks */,
				C5FB345F1FBF79AD009295F4 /* FacebookShare.framework in Frameworks */,
				C5FB34601FBF79AD009295F4 /* FBSDKCoreKit.framework in Frameworks */,
				C5FB34611FBF79AD009295F4 /* FBSDKPlacesKit.framework in Frameworks */,
				C5FB34621FBF79AD009295F4 /* Bolts.framework in Frameworks */,
				C5FB34631FBF79AD009295F4 /* FacebookLogin.framework in Frameworks */,
				C5FB34641FBF79AD009295F4 /* FBSDKShareKit.framework in Frameworks */,
			);
			runOnlyForDeploymentPostprocessing = 0;
		};
/* End PBXFrameworksBuildPhase section */

/* Begin PBXGroup section */
		C5FB34361FBF6928009295F4 = {
			isa = PBXGroup;
			children = (
				C5FB34411FBF6928009295F4 /* Stalky */,
				C5FB34401FBF6928009295F4 /* Products */,
				C5FB34541FBF79AD009295F4 /* Frameworks */,
			);
			sourceTree = "<group>";
		};
		C5FB34401FBF6928009295F4 /* Products */ = {
			isa = PBXGroup;
			children = (
				C5FB343F1FBF6928009295F4 /* Stalky.app */,
			);
			name = Products;
			sourceTree = "<group>";
		};
		C5FB34411FBF6928009295F4 /* Stalky */ = {
			isa = PBXGroup;
			children = (
				C5FB34421FBF6928009295F4 /* AppDelegate.swift */,
				C5FB34441FBF6928009295F4 /* LoginViewController.swift */,
				C5FB34461FBF6928009295F4 /* LoginViewController.storyboard */,
				C5FB34491FBF6928009295F4 /* Assets.xcassets */,
				C5FB344B1FBF6928009295F4 /* LaunchScreen.storyboard */,
				C5FB344E1FBF6928009295F4 /* Info.plist */,
			);
			path = Stalky;
			sourceTree = "<group>";
		};
		C5FB34541FBF79AD009295F4 /* Frameworks */ = {
			isa = PBXGroup;
			children = (
				C5FB345A1FBF79AD009295F4 /* Bolts.framework */,
				C5FB34561FBF79AD009295F4 /* FacebookCore.framework */,
				C5FB345B1FBF79AD009295F4 /* FacebookLogin.framework */,
				C5FB34571FBF79AD009295F4 /* FacebookShare.framework */,
				C5FB34581FBF79AD009295F4 /* FBSDKCoreKit.framework */,
				C5FB34551FBF79AD009295F4 /* FBSDKLoginKit.framework */,
				C5FB34591FBF79AD009295F4 /* FBSDKPlacesKit.framework */,
				C5FB345C1FBF79AD009295F4 /* FBSDKShareKit.framework */,
			);
			name = Frameworks;
			sourceTree = "<group>";
		};
/* End PBXGroup section */

/* Begin PBXNativeTarget section */
		C5FB343E1FBF6928009295F4 /* Stalky */ = {
			isa = PBXNativeTarget;
			buildConfigurationList = C5FB34511FBF6928009295F4 /* Build configuration list for PBXNativeTarget "Stalky" */;
			buildPhases = (
				C5FB343B1FBF6928009295F4 /* Sources */,
				C5FB343C1FBF6928009295F4 /* Frameworks */,
				C5FB343D1FBF6928009295F4 /* Resources */,
				C5FB34651FBF79D5009295F4 /* Carthage */,
			);
			buildRules = (
			);
			dependencies = (
			);
			name = Stalky;
			productName = Stalky;
			productReference = C5FB343F1FBF6928009295F4 /* Stalky.app */;
			productType = "com.apple.product-type.application";
		};
/* End PBXNativeTarget section */

/* Begin PBXProject section */
		C5FB34371FBF6928009295F4 /* Project object */ = {
			isa = PBXProject;
			attributes = {
				LastSwiftUpdateCheck = 0910;
				LastUpgradeCheck = 0910;
				ORGANIZATIONNAME = "Jana Pejić";
				TargetAttributes = {
					C5FB343E1FBF6928009295F4 = {
						CreatedOnToolsVersion = 9.1;
						ProvisioningStyle = Automatic;
					};
				};
			};
			buildConfigurationList = C5FB343A1FBF6928009295F4 /* Build configuration list for PBXProject "Stalky" */;
			compatibilityVersion = "Xcode 8.0";
			developmentRegion = en;
			hasScannedForEncodings = 0;
			knownRegions = (
				en,
				Base,
			);
			mainGroup = C5FB34361FBF6928009295F4;
			productRefGroup = C5FB34401FBF6928009295F4 /* Products */;
			projectDirPath = "";
			projectRoot = "";
			targets = (
				C5FB343E1FBF6928009295F4 /* Stalky */,
			);
		};
/* End PBXProject section */

/* Begin PBXResourcesBuildPhase section */
		C5FB343D1FBF6928009295F4 /* Resources */ = {
			isa = PBXResourcesBuildPhase;
			buildActionMask = 2147483647;
			files = (
				C5FB344D1FBF6928009295F4 /* LaunchScreen.storyboard in Resources */,
				C5FB344A1FBF6928009295F4 /* Assets.xcassets in Resources */,
				C5FB34481FBF6928009295F4 /* LoginViewController.storyboard in Resources */,
			);
			runOnlyForDeploymentPostprocessing = 0;
		};
/* End PBXResourcesBuildPhase section */

/* Begin PBXShellScriptBuildPhase section */
		C5FB34651FBF79D5009295F4 /* Carthage */ = {
			isa = PBXShellScriptBuildPhase;
			buildActionMask = 2147483647;
			files = (
			);
			inputPaths = (
				"$(SRCROOT)/Carthage/Build/iOS/Bolts.framework",
				"$(SRCROOT)/Carthage/Build/iOS/FacebookCore.framework",
				"$(SRCROOT)/Carthage/Build/iOS/FacebookLogin.framework",
				"$(SRCROOT)/Carthage/Build/iOS/FacebookShare.framework",
				"$(SRCROOT)/Carthage/Build/iOS/FBSDKCoreKit.framework",
				"$(SRCROOT)/Carthage/Build/iOS/FBSDKLoginKit.framework",
				"$(SRCROOT)/Carthage/Build/iOS/FBSDKPlacesKit.framework",
				"$(SRCROOT)/Carthage/Build/iOS/FBSDKShareKit.framework",
			);
			name = Carthage;
			outputPaths = (
				"$(BUILT_PRODUCTS_DIR)/$(FRAMEWORKS_FOLDER_PATH)/Bolts.framework",
				"$(BUILT_PRODUCTS_DIR)/$(FRAMEWORKS_FOLDER_PATH)/FacebookCore.framework",
				"$(BUILT_PRODUCTS_DIR)/$(FRAMEWORKS_FOLDER_PATH)/FacebookLogin.framework",
				"$(BUILT_PRODUCTS_DIR)/$(FRAMEWORKS_FOLDER_PATH)/FacebookShare.framework",
				"$(BUILT_PRODUCTS_DIR)/$(FRAMEWORKS_FOLDER_PATH)/FBSDKCoreKit.framework",
				"$(BUILT_PRODUCTS_DIR)/$(FRAMEWORKS_FOLDER_PATH)/FBSDKLoginKit.framework",
				"$(BUILT_PRODUCTS_DIR)/$(FRAMEWORKS_FOLDER_PATH)/FBSDKPlacesKit.framework",
				"$(BUILT_PRODUCTS_DIR)/$(FRAMEWORKS_FOLDER_PATH)/FBSDKShareKit.framework",
			);
			runOnlyForDeploymentPostprocessing = 0;
			shellPath = /bin/sh;
			shellScript = "/usr/local/bin/carthage copy-frameworks";
		};
/* End PBXShellScriptBuildPhase section */

/* Begin PBXSourcesBuildPhase section */
		C5FB343B1FBF6928009295F4 /* Sources */ = {
			isa = PBXSourcesBuildPhase;
			buildActionMask = 2147483647;
			files = (
				C5FB34451FBF6928009295F4 /* LoginViewController.swift in Sources */,
				C5FB34431FBF6928009295F4 /* AppDelegate.swift in Sources */,
			);
			runOnlyForDeploymentPostprocessing = 0;
		};
/* End PBXSourcesBuildPhase section */

/* Begin PBXVariantGroup section */
		C5FB34461FBF6928009295F4 /* LoginViewController.storyboard */ = {
			isa = PBXVariantGroup;
			children = (
				C5FB34471FBF6928009295F4 /* Base */,
			);
			name = LoginViewController.storyboard;
			sourceTree = "<group>";
		};
		C5FB344B1FBF6928009295F4 /* LaunchScreen.storyboard */ = {
			isa = PBXVariantGroup;
			children = (
				C5FB344C1FBF6928009295F4 /* Base */,
			);
			name = LaunchScreen.storyboard;
			sourceTree = "<group>";
		};
/* End PBXVariantGroup section */

/* Begin XCBuildConfiguration section */
		C5FB344F1FBF6928009295F4 /* Debug */ = {
			isa = XCBuildConfiguration;
			buildSettings = {
				ALWAYS_SEARCH_USER_PATHS = NO;
				CLANG_ANALYZER_NONNULL = YES;
				CLANG_ANALYZER_NUMBER_OBJECT_CONVERSION = YES_AGGRESSIVE;
				CLANG_CXX_LANGUAGE_STANDARD = "gnu++14";
				CLANG_CXX_LIBRARY = "libc++";
				CLANG_ENABLE_MODULES = YES;
				CLANG_ENABLE_OBJC_ARC = YES;
				CLANG_WARN_BLOCK_CAPTURE_AUTORELEASING = YES;
				CLANG_WARN_BOOL_CONVERSION = YES;
				CLANG_WARN_COMMA = YES;
				CLANG_WARN_CONSTANT_CONVERSION = YES;
				CLANG_WARN_DIRECT_OBJC_ISA_USAGE = YES_ERROR;
				CLANG_WARN_DOCUMENTATION_COMMENTS = YES;
				CLANG_WARN_EMPTY_BODY = YES;
				CLANG_WARN_ENUM_CONVERSION = YES;
				CLANG_WARN_INFINITE_RECURSION = YES;
				CLANG_WARN_INT_CONVERSION = YES;
				CLANG_WARN_NON_LITERAL_NULL_CONVERSION = YES;
				CLANG_WARN_OBJC_LITERAL_CONVERSION = YES;
				CLANG_WARN_OBJC_ROOT_CLASS = YES_ERROR;
				CLANG_WARN_RANGE_LOOP_ANALYSIS = YES;
				CLANG_WARN_STRICT_PROTOTYPES = YES;
				CLANG_WARN_SUSPICIOUS_MOVE = YES;
				CLANG_WARN_UNGUARDED_AVAILABILITY = YES_AGGRESSIVE;
				CLANG_WARN_UNREACHABLE_CODE = YES;
				CLANG_WARN__DUPLICATE_METHOD_MATCH = YES;
				CODE_SIGN_IDENTITY = "iPhone Developer";
				COPY_PHASE_STRIP = NO;
				DEBUG_INFORMATION_FORMAT = dwarf;
				ENABLE_STRICT_OBJC_MSGSEND = YES;
				ENABLE_TESTABILITY = YES;
				GCC_C_LANGUAGE_STANDARD = gnu11;
				GCC_DYNAMIC_NO_PIC = NO;
				GCC_NO_COMMON_BLOCKS = YES;
				GCC_OPTIMIZATION_LEVEL = 0;
				GCC_PREPROCESSOR_DEFINITIONS = (
					"DEBUG=1",
					"$(inherited)",
				);
				GCC_WARN_64_TO_32_BIT_CONVERSION = YES;
				GCC_WARN_ABOUT_RETURN_TYPE = YES_ERROR;
				GCC_WARN_UNDECLARED_SELECTOR = YES;
				GCC_WARN_UNINITIALIZED_AUTOS = YES_AGGRESSIVE;
				GCC_WARN_UNUSED_FUNCTION = YES;
				GCC_WARN_UNUSED_VARIABLE = YES;
				IPHONEOS_DEPLOYMENT_TARGET = 11.1;
				MTL_ENABLE_DEBUG_INFO = YES;
				ONLY_ACTIVE_ARCH = YES;
				SDKROOT = iphoneos;
				SWIFT_ACTIVE_COMPILATION_CONDITIONS = DEBUG;
				SWIFT_OPTIMIZATION_LEVEL = "-Onone";
			};
			name = Debug;
		};
		C5FB34501FBF6928009295F4 /* Release */ = {
			isa = XCBuildConfiguration;
			buildSettings = {
				ALWAYS_SEARCH_USER_PATHS = NO;
				CLANG_ANALYZER_NONNULL = YES;
				CLANG_ANALYZER_NUMBER_OBJECT_CONVERSION = YES_AGGRESSIVE;
				CLANG_CXX_LANGUAGE_STANDARD = "gnu++14";
				CLANG_CXX_LIBRARY = "libc++";
				CLANG_ENABLE_MODULES = YES;
				CLANG_ENABLE_OBJC_ARC = YES;
				CLANG_WARN_BLOCK_CAPTURE_AUTORELEASING = YES;
				CLANG_WARN_BOOL_CONVERSION = YES;
				CLANG_WARN_COMMA = YES;
				CLANG_WARN_CONSTANT_CONVERSION = YES;
				CLANG_WARN_DIRECT_OBJC_ISA_USAGE = YES_ERROR;
				CLANG_WARN_DOCUMENTATION_COMMENTS = YES;
				CLANG_WARN_EMPTY_BODY = YES;
				CLANG_WARN_ENUM_CONVERSION = YES;
				CLANG_WARN_INFINITE_RECURSION = YES;
				CLANG_WARN_INT_CONVERSION = YES;
				CLANG_WARN_NON_LITERAL_NULL_CONVERSION = YES;
				CLANG_WARN_OBJC_LITERAL_CONVERSION = YES;
				CLANG_WARN_OBJC_ROOT_CLASS = YES_ERROR;
				CLANG_WARN_RANGE_LOOP_ANALYSIS = YES;
				CLANG_WARN_STRICT_PROTOTYPES = YES;
				CLANG_WARN_SUSPICIOUS_MOVE = YES;
				CLANG_WARN_UNGUARDED_AVAILABILITY = YES_AGGRESSIVE;
				CLANG_WARN_UNREACHABLE_CODE = YES;
				CLANG_WARN__DUPLICATE_METHOD_MATCH = YES;
				CODE_SIGN_IDENTITY = "iPhone Developer";
				COPY_PHASE_STRIP = NO;
				DEBUG_INFORMATION_FORMAT = "dwarf-with-dsym";
				ENABLE_NS_ASSERTIONS = NO;
				ENABLE_STRICT_OBJC_MSGSEND = YES;
				GCC_C_LANGUAGE_STANDARD = gnu11;
				GCC_NO_COMMON_BLOCKS = YES;
				GCC_WARN_64_TO_32_BIT_CONVERSION = YES;
				GCC_WARN_ABOUT_RETURN_TYPE = YES_ERROR;
				GCC_WARN_UNDECLARED_SELECTOR = YES;
				GCC_WARN_UNINITIALIZED_AUTOS = YES_AGGRESSIVE;
				GCC_WARN_UNUSED_FUNCTION = YES;
				GCC_WARN_UNUSED_VARIABLE = YES;
				IPHONEOS_DEPLOYMENT_TARGET = 11.1;
				MTL_ENABLE_DEBUG_INFO = NO;
				SDKROOT = iphoneos;
				SWIFT_OPTIMIZATION_LEVEL = "-Owholemodule";
				VALIDATE_PRODUCT = YES;
			};
			name = Release;
		};
		C5FB34521FBF6928009295F4 /* Debug */ = {
			isa = XCBuildConfiguration;
			buildSettings = {
				ASSETCATALOG_COMPILER_APPICON_NAME = AppIcon;
				CODE_SIGN_STYLE = Automatic;
				DEVELOPMENT_TEAM = 8MA8DQCRBB;
				FRAMEWORK_SEARCH_PATHS = (
					"$(inherited)",
					"$(PROJECT_DIR)/Carthage/Build/iOS",
				);
				INFOPLIST_FILE = Stalky/Info.plist;
				IPHONEOS_DEPLOYMENT_TARGET = 11.0;
				LD_RUNPATH_SEARCH_PATHS = "$(inherited) @executable_path/Frameworks";
				PRODUCT_BUNDLE_IDENTIFIER = de.tum.hack.Stalky;
				PRODUCT_NAME = "$(TARGET_NAME)";
				SWIFT_VERSION = 4.0;
				TARGETED_DEVICE_FAMILY = "1,2";
			};
			name = Debug;
		};
		C5FB34531FBF6928009295F4 /* Release */ = {
			isa = XCBuildConfiguration;
			buildSettings = {
				ASSETCATALOG_COMPILER_APPICON_NAME = AppIcon;
				CODE_SIGN_STYLE = Automatic;
				DEVELOPMENT_TEAM = 8MA8DQCRBB;
				FRAMEWORK_SEARCH_PATHS = (
					"$(inherited)",
					"$(PROJECT_DIR)/Carthage/Build/iOS",
				);
				INFOPLIST_FILE = Stalky/Info.plist;
				IPHONEOS_DEPLOYMENT_TARGET = 11.0;
				LD_RUNPATH_SEARCH_PATHS = "$(inherited) @executable_path/Frameworks";
				PRODUCT_BUNDLE_IDENTIFIER = de.tum.hack.Stalky;
				PRODUCT_NAME = "$(TARGET_NAME)";
				SWIFT_VERSION = 4.0;
				TARGETED_DEVICE_FAMILY = "1,2";
			};
			name = Release;
		};
/* End XCBuildConfiguration section */

/* Begin XCConfigurationList section */
		C5FB343A1FBF6928009295F4 /* Build configuration list for PBXProject "Stalky" */ = {
			isa = XCConfigurationList;
			buildConfigurations = (
				C5FB344F1FBF6928009295F4 /* Debug */,
				C5FB34501FBF6928009295F4 /* Release */,
			);
			defaultConfigurationIsVisible = 0;
			defaultConfigurationName = Release;
		};
		C5FB34511FBF6928009295F4 /* Build configuration list for PBXNativeTarget "Stalky" */ = {
			isa = XCConfigurationList;
			buildConfigurations = (
				C5FB34521FBF6928009295F4 /* Debug */,
				C5FB34531FBF6928009295F4 /* Release */,
			);
			defaultConfigurationIsVisible = 0;
			defaultConfigurationName = Release;
		};
/* End XCConfigurationList section */
	};
	rootObject = C5FB34371FBF6928009295F4 /* Project object */;
}
